
Microsoft Visual Studio Solution File, Format Version 12.00
Project("{2150E333-8FDC-42A3-9474-1A3956D46DE8}") = "SolutionItems", "SolutionItems", "{17C2BDA0-0539-4837-B18E-027D6D626C86}"
	ProjectSection(SolutionItems) = preProject
		BannedSymbols.txt = BannedSymbols.txt
		readme.md = readme.md
		Directory.Build.props = Directory.Build.props
		.editorconfig = .editorconfig
	EndProjectSection
EndProject
Project("{FAE04EC0-301F-11D3-BF4B-00C04F79EFBC}") = "Sstv.Outbox", "src\Sstv.Outbox\Sstv.Outbox.csproj", "{B174BD28-7926-4CC0-BD9B-E290440BD872}"
EndProject
Project("{FAE04EC0-301F-11D3-BF4B-00C04F79EFBC}") = "Sstv.Outbox.EntityFrameworkCore.Npgsql", "src\Sstv.Outbox.EntityFrameworkCore.Npgsql\Sstv.Outbox.EntityFrameworkCore.Npgsql.csproj", "{7CB9F3D2-C26E-4020-BDB3-B8C2B78FE1E6}"
EndProject
Project("{FAE04EC0-301F-11D3-BF4B-00C04F79EFBC}") = "Sstv.Outbox.Npgsql", "src\Sstv.Outbox.Npgsql\Sstv.Outbox.Npgsql.csproj", "{EB757E46-5C70-41FC-9CF5-D84905629EF9}"
EndProject
Project("{FAE04EC0-301F-11D3-BF4B-00C04F79EFBC}") = "Sstv.Outbox.IntegrationTests", "tests\Sstv.Outbox.IntegrationTests\Sstv.Outbox.IntegrationTests.csproj", "{86FC5C01-6D85-4B43-A41B-6CE1BE2BABCF}"
EndProject
Project("{FAE04EC0-301F-11D3-BF4B-00C04F79EFBC}") = "Sstv.Outbox.Sample", "tests\Sstv.Outbox.Sample\Sstv.Outbox.Sample.csproj", "{934AD346-985E-4FF5-9B74-C9DC32D609C9}"
EndProject
Project("{2150E333-8FDC-42A3-9474-1A3956D46DE8}") = "Tests", "Tests", "{5CF48085-771A-4077-ABEA-92ABB3C9AF78}"
EndProject
Project("{FAE04EC0-301F-11D3-BF4B-00C04F79EFBC}") = "Sstv.Outbox.Kafka", "src\Sstv.Outbox.Kafka\Sstv.Outbox.Kafka.csproj", "{97435D9B-411A-4137-98E7-BE23FD68BB85}"
EndProject
Global
	GlobalSection(SolutionConfigurationPlatforms) = preSolution
		Debug|Any CPU = Debug|Any CPU
		Release|Any CPU = Release|Any CPU
	EndGlobalSection
	GlobalSection(ProjectConfigurationPlatforms) = postSolution
		{B174BD28-7926-4CC0-BD9B-E290440BD872}.Debug|Any CPU.ActiveCfg = Debug|Any CPU
		{B174BD28-7926-4CC0-BD9B-E290440BD872}.Debug|Any CPU.Build.0 = Debug|Any CPU
		{B174BD28-7926-4CC0-BD9B-E290440BD872}.Release|Any CPU.ActiveCfg = Release|Any CPU
		{B174BD28-7926-4CC0-BD9B-E290440BD872}.Release|Any CPU.Build.0 = Release|Any CPU
		{7CB9F3D2-C26E-4020-BDB3-B8C2B78FE1E6}.Debug|Any CPU.ActiveCfg = Debug|Any CPU
		{7CB9F3D2-C26E-4020-BDB3-B8C2B78FE1E6}.Debug|Any CPU.Build.0 = Debug|Any CPU
		{7CB9F3D2-C26E-4020-BDB3-B8C2B78FE1E6}.Release|Any CPU.ActiveCfg = Release|Any CPU
		{7CB9F3D2-C26E-4020-BDB3-B8C2B78FE1E6}.Release|Any CPU.Build.0 = Release|Any CPU
		{EB757E46-5C70-41FC-9CF5-D84905629EF9}.Debug|Any CPU.ActiveCfg = Debug|Any CPU
		{EB757E46-5C70-41FC-9CF5-D84905629EF9}.Debug|Any CPU.Build.0 = Debug|Any CPU
		{EB757E46-5C70-41FC-9CF5-D84905629EF9}.Release|Any CPU.ActiveCfg = Release|Any CPU
		{EB757E46-5C70-41FC-9CF5-D84905629EF9}.Release|Any CPU.Build.0 = Release|Any CPU
		{86FC5C01-6D85-4B43-A41B-6CE1BE2BABCF}.Debug|Any CPU.ActiveCfg = Debug|Any CPU
		{86FC5C01-6D85-4B43-A41B-6CE1BE2BABCF}.Debug|Any CPU.Build.0 = Debug|Any CPU
		{86FC5C01-6D85-4B43-A41B-6CE1BE2BABCF}.Release|Any CPU.ActiveCfg = Release|Any CPU
		{86FC5C01-6D85-4B43-A41B-6CE1BE2BABCF}.Release|Any CPU.Build.0 = Release|Any CPU
		{934AD346-985E-4FF5-9B74-C9DC32D609C9}.Debug|Any CPU.ActiveCfg = Debug|Any CPU
		{934AD346-985E-4FF5-9B74-C9DC32D609C9}.Debug|Any CPU.Build.0 = Debug|Any CPU
		{934AD346-985E-4FF5-9B74-C9DC32D609C9}.Release|Any CPU.ActiveCfg = Release|Any CPU
		{934AD346-985E-4FF5-9B74-C9DC32D609C9}.Release|Any CPU.Build.0 = Release|Any CPU
		{97435D9B-411A-4137-98E7-BE23FD68BB85}.Debug|Any CPU.ActiveCfg = Debug|Any CPU
		{97435D9B-411A-4137-98E7-BE23FD68BB85}.Debug|Any CPU.Build.0 = Debug|Any CPU
		{97435D9B-411A-4137-98E7-BE23FD68BB85}.Release|Any CPU.ActiveCfg = Release|Any CPU
		{97435D9B-411A-4137-98E7-BE23FD68BB85}.Release|Any CPU.Build.0 = Release|Any CPU
	EndGlobalSection
	GlobalSection(NestedProjects) = preSolution
		{934AD346-985E-4FF5-9B74-C9DC32D609C9} = {5CF48085-771A-4077-ABEA-92ABB3C9AF78}
		{86FC5C01-6D85-4B43-A41B-6CE1BE2BABCF} = {5CF48085-771A-4077-ABEA-92ABB3C9AF78}
	EndGlobalSection
EndGlobal
